<?xml version="1.0" encoding="utf-8"?>
<Project ToolsVersion="4.0" xmlns="http://schemas.microsoft.com/developer/msbuild/2003">
  <ItemGroup>
    <Filter Include="MAIN">
      <UniqueIdentifier>{a189f0c6-c7cb-4caa-be3b-e3db0673b72a}</UniqueIdentifier>
    </Filter>
    <Filter Include="MANAGER">
      <UniqueIdentifier>{c4219446-a8d5-434f-a503-59b5926ad7b0}</UniqueIdentifier>
    </Filter>
    <Filter Include="DEBUGPROC">
      <UniqueIdentifier>{76cc2481-db5b-4cba-9d01-55d7ee5fe45e}</UniqueIdentifier>
    </Filter>
    <Filter Include="RENDERER">
      <UniqueIdentifier>{a85063ec-e511-4dd8-a9e8-f104f4a4863d}</UniqueIdentifier>
    </Filter>
    <Filter Include="SCENE">
      <UniqueIdentifier>{f0ca7d01-bafe-4e24-b7e8-242498a48a43}</UniqueIdentifier>
    </Filter>
    <Filter Include="CAMERA">
      <UniqueIdentifier>{16cca750-26ad-41fb-a05c-050713bd0b20}</UniqueIdentifier>
    </Filter>
    <Filter Include="MODE">
      <UniqueIdentifier>{1a7631ed-8874-421f-8f45-b3a7b2ba4fec}</UniqueIdentifier>
    </Filter>
    <Filter Include="INPUT">
      <UniqueIdentifier>{4d26d2d4-82ef-4f3b-b0c4-28fe7799ab03}</UniqueIdentifier>
    </Filter>
  </ItemGroup>
  <ItemGroup>
    <ClCompile Include="main.cpp">
      <Filter>MAIN</Filter>
    </ClCompile>
    <ClCompile Include="manager.cpp">
      <Filter>MANAGER</Filter>
    </ClCompile>
    <ClCompile Include="debugproc.cpp">
      <Filter>DEBUGPROC</Filter>
    </ClCompile>
    <ClCompile Include="renderer.cpp">
      <Filter>RENDERER</Filter>
    </ClCompile>
    <ClCompile Include="scene.cpp">
      <Filter>SCENE</Filter>
    </ClCompile>
    <ClCompile Include="camera.cpp">
      <Filter>CAMERA</Filter>
    </ClCompile>
    <ClCompile Include="inputcheck.cpp">
      <Filter>MODE</Filter>
    </ClCompile>
    <ClCompile Include="input.cpp">
      <Filter>INPUT</Filter>
    </ClCompile>
  </ItemGroup>
  <ItemGroup>
    <ClInclude Include="main.h">
      <Filter>MAIN</Filter>
    </ClInclude>
    <ClInclude Include="manager.h">
      <Filter>MANAGER</Filter>
    </ClInclude>
    <ClInclude Include="debugproc.h">
      <Filter>DEBUGPROC</Filter>
    </ClInclude>
    <ClInclude Include="renderer.h">
      <Filter>RENDERER</Filter>
    </ClInclude>
    <ClInclude Include="scene.h">
      <Filter>SCENE</Filter>
    </ClInclude>
    <ClInclude Include="camera.h">
      <Filter>CAMERA</Filter>
    </ClInclude>
    <ClInclude Include="inputcheck.h">
      <Filter>MODE</Filter>
    </ClInclude>
    <ClInclude Include="input.h">
      <Filter>INPUT</Filter>
    </ClInclude>
  </ItemGroup>
</Project>